// !$*UTF8*$!
{
	archiveVersion = 1;
	classes = {
	};
	objectVersion = 50;
	objects = {

/* Begin PBXBuildFile section */
		0AD8E5B6B195673B810CC692 /* libPods-TestTask.a in Frameworks */ = {isa = PBXBuildFile; fileRef = D9CA45091FD63D6C33AA0A9E /* libPods-TestTask.a */; };
		E41FF00F20DE509B0073B419 /* AppDelegate.m in Sources */ = {isa = PBXBuildFile; fileRef = E41FF00E20DE509B0073B419 /* AppDelegate.m */; };
		E41FF01220DE509B0073B419 /* ViewController.m in Sources */ = {isa = PBXBuildFile; fileRef = E41FF01120DE509B0073B419 /* ViewController.m */; };
		E41FF01520DE509B0073B419 /* Main.storyboard in Resources */ = {isa = PBXBuildFile; fileRef = E41FF01320DE509B0073B419 /* Main.storyboard */; };
		E41FF01720DE509D0073B419 /* Assets.xcassets in Resources */ = {isa = PBXBuildFile; fileRef = E41FF01620DE509D0073B419 /* Assets.xcassets */; };
		E41FF01A20DE509D0073B419 /* LaunchScreen.storyboard in Resources */ = {isa = PBXBuildFile; fileRef = E41FF01820DE509D0073B419 /* LaunchScreen.storyboard */; };
		E41FF01D20DE509D0073B419 /* main.m in Sources */ = {isa = PBXBuildFile; fileRef = E41FF01C20DE509D0073B419 /* main.m */; };
		FDADA6A2FC967D903C258F5B /* TestTaskNode.m in Sources */ = {isa = PBXBuildFile; fileRef = FDADA520BFAB2FCC14267C87 /* TestTaskNode.m */; };
/* End PBXBuildFile section */

/* Begin PBXFileReference section */
		8088E1BCB3E2A37F376686EA /* Pods-TestTask.debug.xcconfig */ = {isa = PBXFileReference; includeInIndex = 1; lastKnownFileType = text.xcconfig; name = "Pods-TestTask.debug.xcconfig"; path = "Pods/Target Support Files/Pods-TestTask/Pods-TestTask.debug.xcconfig"; sourceTree = "<group>"; };
		D9CA45091FD63D6C33AA0A9E /* libPods-TestTask.a */ = {isa = PBXFileReference; explicitFileType = archive.ar; includeInIndex = 0; path = "libPods-TestTask.a"; sourceTree = BUILT_PRODUCTS_DIR; };
		E41FF00A20DE509B0073B419 /* TestTask.app */ = {isa = PBXFileReference; explicitFileType = wrapper.application; includeInIndex = 0; path = TestTask.app; sourceTree = BUILT_PRODUCTS_DIR; };
		E41FF00D20DE509B0073B419 /* AppDelegate.h */ = {isa = PBXFileReference; lastKnownFileType = sourcecode.c.h; path = AppDelegate.h; sourceTree = "<group>"; };
		E41FF00E20DE509B0073B419 /* AppDelegate.m */ = {isa = PBXFileReference; lastKnownFileType = sourcecode.c.objc; path = AppDelegate.m; sourceTree = "<group>"; };
		E41FF01020DE509B0073B419 /* ViewController.h */ = {isa = PBXFileReference; lastKnownFileType = sourcecode.c.h; path = ViewController.h; sourceTree = "<group>"; };
		E41FF01120DE509B0073B419 /* ViewController.m */ = {isa = PBXFileReference; lastKnownFileType = sourcecode.c.objc; path = ViewController.m; sourceTree = "<group>"; };
		E41FF01420DE509B0073B419 /* Base */ = {isa = PBXFileReference; lastKnownFileType = file.storyboard; name = Base; path = Base.lproj/Main.storyboard; sourceTree = "<group>"; };
		E41FF01620DE509D0073B419 /* Assets.xcassets */ = {isa = PBXFileReference; lastKnownFileType = folder.assetcatalog; path = Assets.xcassets; sourceTree = "<group>"; };
		E41FF01920DE509D0073B419 /* Base */ = {isa = PBXFileReference; lastKnownFileType = file.storyboard; name = Base; path = Base.lproj/LaunchScreen.storyboard; sourceTree = "<group>"; };
		E41FF01B20DE509D0073B419 /* Info.plist */ = {isa = PBXFileReference; lastKnownFileType = text.plist.xml; path = Info.plist; sourceTree = "<group>"; };
		E41FF01C20DE509D0073B419 /* main.m */ = {isa = PBXFileReference; lastKnownFileType = sourcecode.c.objc; path = main.m; sourceTree = "<group>"; };
		F920E2850E7D96FC563EE98C /* Pods-TestTask.release.xcconfig */ = {isa = PBXFileReference; includeInIndex = 1; lastKnownFileType = text.xcconfig; name = "Pods-TestTask.release.xcconfig"; path = "Pods/Target Support Files/Pods-TestTask/Pods-TestTask.release.xcconfig"; sourceTree = "<group>"; };
		FDADA520BFAB2FCC14267C87 /* TestTaskNode.m */ = {isa = PBXFileReference; fileEncoding = 4; lastKnownFileType = sourcecode.c.objc; path = TestTaskNode.m; sourceTree = "<group>"; };
		FDADAD70F0F354DC2A849DC7 /* TestTaskNode.h */ = {isa = PBXFileReference; fileEncoding = 4; lastKnownFileType = sourcecode.c.h; path = TestTaskNode.h; sourceTree = "<group>"; };
/* End PBXFileReference section */

/* Begin PBXFrameworksBuildPhase section */
		E41FF00720DE509B0073B419 /* Frameworks */ = {
			isa = PBXFrameworksBuildPhase;
			buildActionMask = 2147483647;
			files = (
				0AD8E5B6B195673B810CC692 /* libPods-TestTask.a in Frameworks */,
			);
			runOnlyForDeploymentPostprocessing = 0;
		};
/* End PBXFrameworksBuildPhase section */

/* Begin PBXGroup section */
		32AF9A5374BD5953E84EC311 /* Pods */ = {
			isa = PBXGroup;
			children = (
				8088E1BCB3E2A37F376686EA /* Pods-TestTask.debug.xcconfig */,
				F920E2850E7D96FC563EE98C /* Pods-TestTask.release.xcconfig */,
			);
			name = Pods;
			sourceTree = "<group>";
		};
		B41D423A9918F9BFB93A1CD8 /* Frameworks */ = {
			isa = PBXGroup;
			children = (
				D9CA45091FD63D6C33AA0A9E /* libPods-TestTask.a */,
			);
			name = Frameworks;
			sourceTree = "<group>";
		};
		E41FF00120DE509B0073B419 = {
			isa = PBXGroup;
			children = (
				E41FF00C20DE509B0073B419 /* TestTask */,
				E41FF00B20DE509B0073B419 /* Products */,
				32AF9A5374BD5953E84EC311 /* Pods */,
				B41D423A9918F9BFB93A1CD8 /* Frameworks */,
			);
			sourceTree = "<group>";
		};
		E41FF00B20DE509B0073B419 /* Products */ = {
			isa = PBXGroup;
			children = (
				E41FF00A20DE509B0073B419 /* TestTask.app */,
			);
			name = Products;
			sourceTree = "<group>";
		};
		E41FF00C20DE509B0073B419 /* TestTask */ = {
			isa = PBXGroup;
			children = (
				E41FF00D20DE509B0073B419 /* AppDelegate.h */,
				E41FF00E20DE509B0073B419 /* AppDelegate.m */,
				E41FF01020DE509B0073B419 /* ViewController.h */,
				E41FF01120DE509B0073B419 /* ViewController.m */,
				E41FF01320DE509B0073B419 /* Main.storyboard */,
				E41FF01620DE509D0073B419 /* Assets.xcassets */,
				E41FF01820DE509D0073B419 /* LaunchScreen.storyboard */,
				E41FF01B20DE509D0073B419 /* Info.plist */,
				E41FF01C20DE509D0073B419 /* main.m */,
				FDADA520BFAB2FCC14267C87 /* TestTaskNode.m */,
				FDADAD70F0F354DC2A849DC7 /* TestTaskNode.h */,
			);
			path = TestTask;
			sourceTree = "<group>";
		};
/* End PBXGroup section */

/* Begin PBXNativeTarget section */
		E41FF00920DE509B0073B419 /* TestTask */ = {
			isa = PBXNativeTarget;
			buildConfigurationList = E41FF02020DE509D0073B419 /* Build configuration list for PBXNativeTarget "TestTask" */;
			buildPhases = (
				9F597AAFABD5B8FC83830CB1 /* [CP] Check Pods Manifest.lock */,
				E41FF00620DE509B0073B419 /* Sources */,
				E41FF00720DE509B0073B419 /* Frameworks */,
				E41FF00820DE509B0073B419 /* Resources */,
			);
			buildRules = (
			);
			dependencies = (
			);
			name = TestTask;
			productName = TestTask;
			productReference = E41FF00A20DE509B0073B419 /* TestTask.app */;
			productType = "com.apple.product-type.application";
		};
/* End PBXNativeTarget section */

/* Begin PBXProject section */
		E41FF00220DE509B0073B419 /* Project object */ = {
			isa = PBXProject;
			attributes = {
				LastUpgradeCheck = 0930;
				ORGANIZATIONNAME = msfrms;
				TargetAttributes = {
					E41FF00920DE509B0073B419 = {
						CreatedOnToolsVersion = 9.3.1;
					};
				};
			};
			buildConfigurationList = E41FF00520DE509B0073B419 /* Build configuration list for PBXProject "TestTask" */;
			compatibilityVersion = "Xcode 9.3";
			developmentRegion = en;
			hasScannedForEncodings = 0;
			knownRegions = (
				en,
				Base,
			);
			mainGroup = E41FF00120DE509B0073B419;
			productRefGroup = E41FF00B20DE509B0073B419 /* Products */;
			projectDirPath = "";
			projectRoot = "";
			targets = (
				E41FF00920DE509B0073B419 /* TestTask */,
			);
		};
/* End PBXProject section */

/* Begin PBXResourcesBuildPhase section */
		E41FF00820DE509B0073B419 /* Resources */ = {
			isa = PBXResourcesBuildPhase;
			buildActionMask = 2147483647;
			files = (
				E41FF01A20DE509D0073B419 /* LaunchScreen.storyboard in Resources */,
				E41FF01720DE509D0073B419 /* Assets.xcassets in Resources */,
				E41FF01520DE509B0073B419 /* Main.storyboard in Resources */,
			);
			runOnlyForDeploymentPostprocessing = 0;
		};
/* End PBXResourcesBuildPhase section */

/* Begin PBXShellScriptBuildPhase section */
		9F597AAFABD5B8FC83830CB1 /* [CP] Check Pods Manifest.lock */ = {
			isa = PBXShellScriptBuildPhase;
			buildActionMask = 2147483647;
			files = (
			);
			inputPaths = (
				"${PODS_PODFILE_DIR_PATH}/Podfile.lock",
				"${PODS_ROOT}/Manifest.lock",
			);
			name = "[CP] Check Pods Manifest.lock";
			outputPaths = (
				"$(DERIVED_FILE_DIR)/Pods-TestTask-checkManifestLockResult.txt",
			);
			runOnlyForDeploymentPostprocessing = 0;
			shellPath = /bin/sh;
			shellScript = "diff \"${PODS_PODFILE_DIR_PATH}/Podfile.lock\" \"${PODS_ROOT}/Manifest.lock\" > /dev/null\nif [ $? != 0 ] ; then\n    # print error to STDERR\n    echo \"error: The sandbox is not in sync with the Podfile.lock. Run 'pod install' or update your CocoaPods installation.\" >&2\n    exit 1\nfi\n# This output is used by Xcode 'outputs' to avoid re-running this script phase.\necho \"SUCCESS\" > \"${SCRIPT_OUTPUT_FILE_0}\"\n";
			showEnvVarsInLog = 0;
		};
/* End PBXShellScriptBuildPhase section */

/* Begin PBXSourcesBuildPhase section */
		E41FF00620DE509B0073B419 /* Sources */ = {
			isa = PBXSourcesBuildPhase;
			buildActionMask = 2147483647;
			files = (
				E41FF01220DE509B0073B419 /* ViewController.m in Sources */,
				E41FF01D20DE509D0073B419 /* main.m in Sources */,
				E41FF00F20DE509B0073B419 /* AppDelegate.m in Sources */,
				FDADA6A2FC967D903C258F5B /* TestTaskNode.m in Sources */,
			);
			runOnlyForDeploymentPostprocessing = 0;
		};
/* End PBXSourcesBuildPhase section */

/* Begin PBXVariantGroup section */
		E41FF01320DE509B0073B419 /* Main.storyboard */ = {
			isa = PBXVariantGroup;
			children = (
				E41FF01420DE509B0073B419 /* Base */,
			);
			name = Main.storyboard;
			sourceTree = "<group>";
		};
		E41FF01820DE509D0073B419 /* LaunchScreen.storyboard */ = {
			isa = PBXVariantGroup;
			children = (
				E41FF01920DE509D0073B419 /* Base */,
			);
			name = LaunchScreen.storyboard;
			sourceTree = "<group>";
		};
/* End PBXVariantGroup section */

/* Begin XCBuildConfiguration section */
		E41FF01E20DE509D0073B419 /* Debug */ = {
			isa = XCBuildConfiguration;
			buildSettings = {
				ALWAYS_SEARCH_USER_PATHS = NO;
				CLANG_ANALYZER_NONNULL = YES;
				CLANG_ANALYZER_NUMBER_OBJECT_CONVERSION = YES_AGGRESSIVE;
				CLANG_CXX_LANGUAGE_STANDARD = "gnu++14";
				CLANG_CXX_LIBRARY = "libc++";
				CLANG_ENABLE_MODULES = YES;
				CLANG_ENABLE_OBJC_ARC = YES;
				CLANG_ENABLE_OBJC_WEAK = YES;
				CLANG_WARN_BLOCK_CAPTURE_AUTORELEASING = YES;
				CLANG_WARN_BOOL_CONVERSION = YES;
				CLANG_WARN_COMMA = YES;
				CLANG_WARN_CONSTANT_CONVERSION = YES;
				CLANG_WARN_DEPRECATED_OBJC_IMPLEMENTATIONS = YES;
				CLANG_WARN_DIRECT_OBJC_ISA_USAGE = YES_ERROR;
				CLANG_WARN_DOCUMENTATION_COMMENTS = YES;
				CLANG_WARN_EMPTY_BODY = YES;
				CLANG_WARN_ENUM_CONVERSION = YES;
				CLANG_WARN_INFINITE_RECURSION = YES;
				CLANG_WARN_INT_CONVERSION = YES;
				CLANG_WARN_NON_LITERAL_NULL_CONVERSION = YES;
				CLANG_WARN_OBJC_IMPLICIT_RETAIN_SELF = YES;
				CLANG_WARN_OBJC_LITERAL_CONVERSION = YES;
				CLANG_WARN_OBJC_ROOT_CLASS = YES_ERROR;
				CLANG_WARN_RANGE_LOOP_ANALYSIS = YES;
				CLANG_WARN_STRICT_PROTOTYPES = YES;
				CLANG_WARN_SUSPICIOUS_MOVE = YES;
				CLANG_WARN_UNGUARDED_AVAILABILITY = YES_AGGRESSIVE;
				CLANG_WARN_UNREACHABLE_CODE = YES;
				CLANG_WARN__DUPLICATE_METHOD_MATCH = YES;
				CODE_SIGN_IDENTITY = "iPhone Developer";
				COPY_PHASE_STRIP = NO;
				DEBUG_INFORMATION_FORMAT = dwarf;
				ENABLE_STRICT_OBJC_MSGSEND = YES;
				ENABLE_TESTABILITY = YES;
				GCC_C_LANGUAGE_STANDARD = gnu11;
				GCC_DYNAMIC_NO_PIC = NO;
				GCC_NO_COMMON_BLOCKS = YES;
				GCC_OPTIMIZATION_LEVEL = 0;
				GCC_PREPROCESSOR_DEFINITIONS = (
					"DEBUG=1",
					"$(inherited)",
				);
				GCC_WARN_64_TO_32_BIT_CONVERSION = YES;
				GCC_WARN_ABOUT_RETURN_TYPE = YES_ERROR;
				GCC_WARN_UNDECLARED_SELECTOR = YES;
				GCC_WARN_UNINITIALIZED_AUTOS = YES_AGGRESSIVE;
				GCC_WARN_UNUSED_FUNCTION = YES;
				GCC_WARN_UNUSED_VARIABLE = YES;
				IPHONEOS_DEPLOYMENT_TARGET = 11.3;
				MTL_ENABLE_DEBUG_INFO = YES;
				ONLY_ACTIVE_ARCH = YES;
				SDKROOT = iphoneos;
			};
			name = Debug;
		};
		E41FF01F20DE509D0073B419 /* Release */ = {
			isa = XCBuildConfiguration;
			buildSettings = {
				ALWAYS_SEARCH_USER_PATHS = NO;
				CLANG_ANALYZER_NONNULL = YES;
				CLANG_ANALYZER_NUMBER_OBJECT_CONVERSION = YES_AGGRESSIVE;
				CLANG_CXX_LANGUAGE_STANDARD = "gnu++14";
				CLANG_CXX_LIBRARY = "libc++";
				CLANG_ENABLE_MODULES = YES;
				CLANG_ENABLE_OBJC_ARC = YES;
				CLANG_ENABLE_OBJC_WEAK = YES;
				CLANG_WARN_BLOCK_CAPTURE_AUTORELEASING = YES;
				CLANG_WARN_BOOL_CONVERSION = YES;
				CLANG_WARN_COMMA = YES;
				CLANG_WARN_CONSTANT_CONVERSION = YES;
				CLANG_WARN_DEPRECATED_OBJC_IMPLEMENTATIONS = YES;
				CLANG_WARN_DIRECT_OBJC_ISA_USAGE = YES_ERROR;
				CLANG_WARN_DOCUMENTATION_COMMENTS = YES;
				CLANG_WARN_EMPTY_BODY = YES;
				CLANG_WARN_ENUM_CONVERSION = YES;
				CLANG_WARN_INFINITE_RECURSION = YES;
				CLANG_WARN_INT_CONVERSION = YES;
				CLANG_WARN_NON_LITERAL_NULL_CONVERSION = YES;
				CLANG_WARN_OBJC_IMPLICIT_RETAIN_SELF = YES;
				CLANG_WARN_OBJC_LITERAL_CONVERSION = YES;
				CLANG_WARN_OBJC_ROOT_CLASS = YES_ERROR;
				CLANG_WARN_RANGE_LOOP_ANALYSIS = YES;
				CLANG_WARN_STRICT_PROTOTYPES = YES;
				CLANG_WARN_SUSPICIOUS_MOVE = YES;
				CLANG_WARN_UNGUARDED_AVAILABILITY = YES_AGGRESSIVE;
				CLANG_WARN_UNREACHABLE_CODE = YES;
				CLANG_WARN__DUPLICATE_METHOD_MATCH = YES;
				CODE_SIGN_IDENTITY = "iPhone Developer";
				COPY_PHASE_STRIP = NO;
				DEBUG_INFORMATION_FORMAT = "dwarf-with-dsym";
				ENABLE_NS_ASSERTIONS = NO;
				ENABLE_STRICT_OBJC_MSGSEND = YES;
				GCC_C_LANGUAGE_STANDARD = gnu11;
				GCC_NO_COMMON_BLOCKS = YES;
				GCC_WARN_64_TO_32_BIT_CONVERSION = YES;
				GCC_WARN_ABOUT_RETURN_TYPE = YES_ERROR;
				GCC_WARN_UNDECLARED_SELECTOR = YES;
				GCC_WARN_UNINITIALIZED_AUTOS = YES_AGGRESSIVE;
				GCC_WARN_UNUSED_FUNCTION = YES;
				GCC_WARN_UNUSED_VARIABLE = YES;
				IPHONEOS_DEPLOYMENT_TARGET = 11.3;
				MTL_ENABLE_DEBUG_INFO = NO;
				SDKROOT = iphoneos;
				VALIDATE_PRODUCT = YES;
			};
			name = Release;
		};
		E41FF02120DE509D0073B419 /* Debug */ = {
			isa = XCBuildConfiguration;
			baseConfigurationReference = 8088E1BCB3E2A37F376686EA /* Pods-TestTask.debug.xcconfig */;
			buildSettings = {
				ASSETCATALOG_COMPILER_APPICON_NAME = AppIcon;
				CODE_SIGN_STYLE = Automatic;
				DEVELOPMENT_TEAM = 5838AV39PH;
				INFOPLIST_FILE = TestTask/Info.plist;
				LD_RUNPATH_SEARCH_PATHS = "$(inherited) @executable_path/Frameworks";
				PRODUCT_BUNDLE_IDENTIFIER = msfrms.TestTask;
				PRODUCT_NAME = "$(TARGET_NAME)";
				TARGETED_DEVICE_FAMILY = "1,2";
			};
			name = Debug;
		};
		E41FF02220DE509D0073B419 /* Release */ = {
			isa = XCBuildConfiguration;
			baseConfigurationReference = F920E2850E7D96FC563EE98C /* Pods-TestTask.release.xcconfig */;
			buildSettings = {
				ASSETCATALOG_COMPILER_APPICON_NAME = AppIcon;
				CODE_SIGN_STYLE = Automatic;
				DEVELOPMENT_TEAM = 5838AV39PH;
				INFOPLIST_FILE = TestTask/Info.plist;
				LD_RUNPATH_SEARCH_PATHS = "$(inherited) @executable_path/Frameworks";
				PRODUCT_BUNDLE_IDENTIFIER = msfrms.TestTask;
				PRODUCT_NAME = "$(TARGET_NAME)";
				TARGETED_DEVICE_FAMILY = "1,2";
			};
			name = Release;
		};
/* End XCBuildConfiguration section */

/* Begin XCConfigurationList section */
		E41FF00520DE509B0073B419 /* Build configuration list for PBXProject "TestTask" */ = {
			isa = XCConfigurationList;
			buildConfigurations = (
				E41FF01E20DE509D0073B419 /* Debug */,
				E41FF01F20DE509D0073B419 /* Release */,
			);
			defaultConfigurationIsVisible = 0;
			defaultConfigurationName = Release;
		};
		E41FF02020DE509D0073B419 /* Build configuration list for PBXNativeTarget "TestTask" */ = {
			isa = XCConfigurationList;
			buildConfigurations = (
				E41FF02120DE509D0073B419 /* Debug */,
				E41FF02220DE509D0073B419 /* Release */,
			);
			defaultConfigurationIsVisible = 0;
			defaultConfigurationName = Release;
		};
/* End XCConfigurationList section */
	};
	rootObject = E41FF00220DE509B0073B419 /* Project object */;
}
